
Microsoft Visual Studio Solution File, Format Version 12.00
# Visual Studio Version 17
VisualStudioVersion = 17.10.35013.160
MinimumVisualStudioVersion = 10.0.40219.1
Project("{FAE04EC0-301F-11D3-BF4B-00C04F79EFBC}") = "Shopping System Project", "Shopping System Project\Shopping System Project.csproj", "{5FFCB44C-7842-4B80-954F-C2A06B0980FD}"
EndProject
Global
	GlobalSection(SolutionConfigurationPlatforms) = preSolution
		Debug|Any CPU = Debug|Any CPU
		Release|Any CPU = Release|Any CPU
	EndGlobalSection
	GlobalSection(ProjectConfigurationPlatforms) = postSolution
		{5FFCB44C-7842-4B80-954F-C2A06B0980FD}.Debug|Any CPU.ActiveCfg = Debug|Any CPU
		{5FFCB44C-7842-4B80-954F-C2A06B0980FD}.Debug|Any CPU.Build.0 = Debug|Any CPU
		{5FFCB44C-7842-4B80-954F-C2A06B0980FD}.Release|Any CPU.ActiveCfg = Release|Any CPU
		{5FFCB44C-7842-4B80-954F-C2A06B0980FD}.Release|Any CPU.Build.0 = Release|Any CPU
	EndGlobalSection
	GlobalSection(SolutionProperties) = preSolution
		HideSolutionNode = FALSE
	EndGlobalSection
	GlobalSection(ExtensibilityGlobals) = postSolution
		SolutionGuid = {B23BFCB7-D1C2-4D18-A2EF-D6F480E2699D}
	EndGlobalSection
EndGlobal
